// !$*UTF8*$!
{
	archiveVersion = 1;
	classes = {
	};
	objectVersion = 50;
	objects = {

/* Begin PBXBuildFile section */
		3D8BC3A2263D91BC00428FF7 /* AppDelegate.swift in Sources */ = {isa = PBXBuildFile; fileRef = 3D8BC3A1263D91BC00428FF7 /* AppDelegate.swift */; };
		3D8BC3A4263D91BC00428FF7 /* SceneDelegate.swift in Sources */ = {isa = PBXBuildFile; fileRef = 3D8BC3A3263D91BC00428FF7 /* SceneDelegate.swift */; };
		3D8BC3A6263D91BC00428FF7 /* ViewController.swift in Sources */ = {isa = PBXBuildFile; fileRef = 3D8BC3A5263D91BC00428FF7 /* ViewController.swift */; };
		3D8BC3A9263D91BC00428FF7 /* Main.storyboard in Resources */ = {isa = PBXBuildFile; fileRef = 3D8BC3A7263D91BC00428FF7 /* Main.storyboard */; };
		3D8BC3AB263D91BC00428FF7 /* Assets.xcassets in Resources */ = {isa = PBXBuildFile; fileRef = 3D8BC3AA263D91BC00428FF7 /* Assets.xcassets */; };
		3D8BC3AE263D91BC00428FF7 /* LaunchScreen.storyboard in Resources */ = {isa = PBXBuildFile; fileRef = 3D8BC3AC263D91BC00428FF7 /* LaunchScreen.storyboard */; };
		3D8BC3B9263D91BC00428FF7 /* MemoryGameTests.swift in Sources */ = {isa = PBXBuildFile; fileRef = 3D8BC3B8263D91BC00428FF7 /* MemoryGameTests.swift */; };
		3D8BC3C4263D91BC00428FF7 /* MemoryGameUITests.swift in Sources */ = {isa = PBXBuildFile; fileRef = 3D8BC3C3263D91BC00428FF7 /* MemoryGameUITests.swift */; };
/* End PBXBuildFile section */

/* Begin PBXContainerItemProxy section */
		3D8BC3B5263D91BC00428FF7 /* PBXContainerItemProxy */ = {
			isa = PBXContainerItemProxy;
			containerPortal = 3D8BC396263D91BC00428FF7 /* Project object */;
			proxyType = 1;
			remoteGlobalIDString = 3D8BC39D263D91BC00428FF7;
			remoteInfo = MemoryGame;
		};
		3D8BC3C0263D91BC00428FF7 /* PBXContainerItemProxy */ = {
			isa = PBXContainerItemProxy;
			containerPortal = 3D8BC396263D91BC00428FF7 /* Project object */;
			proxyType = 1;
			remoteGlobalIDString = 3D8BC39D263D91BC00428FF7;
			remoteInfo = MemoryGame;
		};
/* End PBXContainerItemProxy section */

/* Begin PBXFileReference section */
		3D8BC39E263D91BC00428FF7 /* MemoryGame.app */ = {isa = PBXFileReference; explicitFileType = wrapper.application; includeInIndex = 0; path = MemoryGame.app; sourceTree = BUILT_PRODUCTS_DIR; };
		3D8BC3A1263D91BC00428FF7 /* AppDelegate.swift */ = {isa = PBXFileReference; lastKnownFileType = sourcecode.swift; path = AppDelegate.swift; sourceTree = "<group>"; };
		3D8BC3A3263D91BC00428FF7 /* SceneDelegate.swift */ = {isa = PBXFileReference; lastKnownFileType = sourcecode.swift; path = SceneDelegate.swift; sourceTree = "<group>"; };
		3D8BC3A5263D91BC00428FF7 /* ViewController.swift */ = {isa = PBXFileReference; lastKnownFileType = sourcecode.swift; path = ViewController.swift; sourceTree = "<group>"; };
		3D8BC3A8263D91BC00428FF7 /* Base */ = {isa = PBXFileReference; lastKnownFileType = file.storyboard; name = Base; path = Base.lproj/Main.storyboard; sourceTree = "<group>"; };
		3D8BC3AA263D91BC00428FF7 /* Assets.xcassets */ = {isa = PBXFileReference; lastKnownFileType = folder.assetcatalog; path = Assets.xcassets; sourceTree = "<group>"; };
		3D8BC3AD263D91BC00428FF7 /* Base */ = {isa = PBXFileReference; lastKnownFileType = file.storyboard; name = Base; path = Base.lproj/LaunchScreen.storyboard; sourceTree = "<group>"; };
		3D8BC3AF263D91BC00428FF7 /* Info.plist */ = {isa = PBXFileReference; lastKnownFileType = text.plist.xml; path = Info.plist; sourceTree = "<group>"; };
		3D8BC3B4263D91BC00428FF7 /* MemoryGameTests.xctest */ = {isa = PBXFileReference; explicitFileType = wrapper.cfbundle; includeInIndex = 0; path = MemoryGameTests.xctest; sourceTree = BUILT_PRODUCTS_DIR; };
		3D8BC3B8263D91BC00428FF7 /* MemoryGameTests.swift */ = {isa = PBXFileReference; lastKnownFileType = sourcecode.swift; path = MemoryGameTests.swift; sourceTree = "<group>"; };
		3D8BC3BA263D91BC00428FF7 /* Info.plist */ = {isa = PBXFileReference; lastKnownFileType = text.plist.xml; path = Info.plist; sourceTree = "<group>"; };
		3D8BC3BF263D91BC00428FF7 /* MemoryGameUITests.xctest */ = {isa = PBXFileReference; explicitFileType = wrapper.cfbundle; includeInIndex = 0; path = MemoryGameUITests.xctest; sourceTree = BUILT_PRODUCTS_DIR; };
		3D8BC3C3263D91BC00428FF7 /* MemoryGameUITests.swift */ = {isa = PBXFileReference; lastKnownFileType = sourcecode.swift; path = MemoryGameUITests.swift; sourceTree = "<group>"; };
		3D8BC3C5263D91BC00428FF7 /* Info.plist */ = {isa = PBXFileReference; lastKnownFileType = text.plist.xml; path = Info.plist; sourceTree = "<group>"; };
/* End PBXFileReference section */

/* Begin PBXFrameworksBuildPhase section */
		3D8BC39B263D91BC00428FF7 /* Frameworks */ = {
			isa = PBXFrameworksBuildPhase;
			buildActionMask = 2147483647;
			files = (
			);
			runOnlyForDeploymentPostprocessing = 0;
		};
		3D8BC3B1263D91BC00428FF7 /* Frameworks */ = {
			isa = PBXFrameworksBuildPhase;
			buildActionMask = 2147483647;
			files = (
			);
			runOnlyForDeploymentPostprocessing = 0;
		};
		3D8BC3BC263D91BC00428FF7 /* Frameworks */ = {
			isa = PBXFrameworksBuildPhase;
			buildActionMask = 2147483647;
			files = (
			);
			runOnlyForDeploymentPostprocessing = 0;
		};
/* End PBXFrameworksBuildPhase section */

/* Begin PBXGroup section */
		3D8BC395263D91BC00428FF7 = {
			isa = PBXGroup;
			children = (
				3D8BC3A0263D91BC00428FF7 /* MemoryGame */,
				3D8BC3B7263D91BC00428FF7 /* MemoryGameTests */,
				3D8BC3C2263D91BC00428FF7 /* MemoryGameUITests */,
				3D8BC39F263D91BC00428FF7 /* Products */,
			);
			sourceTree = "<group>";
		};
		3D8BC39F263D91BC00428FF7 /* Products */ = {
			isa = PBXGroup;
			children = (
				3D8BC39E263D91BC00428FF7 /* MemoryGame.app */,
				3D8BC3B4263D91BC00428FF7 /* MemoryGameTests.xctest */,
				3D8BC3BF263D91BC00428FF7 /* MemoryGameUITests.xctest */,
			);
			name = Products;
			sourceTree = "<group>";
		};
		3D8BC3A0263D91BC00428FF7 /* MemoryGame */ = {
			isa = PBXGroup;
			children = (
				3D8BC3A1263D91BC00428FF7 /* AppDelegate.swift */,
				3D8BC3A3263D91BC00428FF7 /* SceneDelegate.swift */,
				3D8BC3A5263D91BC00428FF7 /* ViewController.swift */,
				3D8BC3A7263D91BC00428FF7 /* Main.storyboard */,
				3D8BC3AA263D91BC00428FF7 /* Assets.xcassets */,
				3D8BC3AC263D91BC00428FF7 /* LaunchScreen.storyboard */,
				3D8BC3AF263D91BC00428FF7 /* Info.plist */,
			);
			path = MemoryGame;
			sourceTree = "<group>";
		};
		3D8BC3B7263D91BC00428FF7 /* MemoryGameTests */ = {
			isa = PBXGroup;
			children = (
				3D8BC3B8263D91BC00428FF7 /* MemoryGameTests.swift */,
				3D8BC3BA263D91BC00428FF7 /* Info.plist */,
			);
			path = MemoryGameTests;
			sourceTree = "<group>";
		};
		3D8BC3C2263D91BC00428FF7 /* MemoryGameUITests */ = {
			isa = PBXGroup;
			children = (
				3D8BC3C3263D91BC00428FF7 /* MemoryGameUITests.swift */,
				3D8BC3C5263D91BC00428FF7 /* Info.plist */,
			);
			path = MemoryGameUITests;
			sourceTree = "<group>";
		};
/* End PBXGroup section */

/* Begin PBXNativeTarget section */
		3D8BC39D263D91BC00428FF7 /* MemoryGame */ = {
			isa = PBXNativeTarget;
			buildConfigurationList = 3D8BC3C8263D91BC00428FF7 /* Build configuration list for PBXNativeTarget "MemoryGame" */;
			buildPhases = (
				3D8BC39A263D91BC00428FF7 /* Sources */,
				3D8BC39B263D91BC00428FF7 /* Frameworks */,
				3D8BC39C263D91BC00428FF7 /* Resources */,
			);
			buildRules = (
			);
			dependencies = (
			);
			name = MemoryGame;
			productName = MemoryGame;
			productReference = 3D8BC39E263D91BC00428FF7 /* MemoryGame.app */;
			productType = "com.apple.product-type.application";
		};
		3D8BC3B3263D91BC00428FF7 /* MemoryGameTests */ = {
			isa = PBXNativeTarget;
			buildConfigurationList = 3D8BC3CB263D91BC00428FF7 /* Build configuration list for PBXNativeTarget "MemoryGameTests" */;
			buildPhases = (
				3D8BC3B0263D91BC00428FF7 /* Sources */,
				3D8BC3B1263D91BC00428FF7 /* Frameworks */,
				3D8BC3B2263D91BC00428FF7 /* Resources */,
			);
			buildRules = (
			);
			dependencies = (
				3D8BC3B6263D91BC00428FF7 /* PBXTargetDependency */,
			);
			name = MemoryGameTests;
			productName = MemoryGameTests;
			productReference = 3D8BC3B4263D91BC00428FF7 /* MemoryGameTests.xctest */;
			productType = "com.apple.product-type.bundle.unit-test";
		};
		3D8BC3BE263D91BC00428FF7 /* MemoryGameUITests */ = {
			isa = PBXNativeTarget;
			buildConfigurationList = 3D8BC3CE263D91BC00428FF7 /* Build configuration list for PBXNativeTarget "MemoryGameUITests" */;
			buildPhases = (
				3D8BC3BB263D91BC00428FF7 /* Sources */,
				3D8BC3BC263D91BC00428FF7 /* Frameworks */,
				3D8BC3BD263D91BC00428FF7 /* Resources */,
			);
			buildRules = (
			);
			dependencies = (
				3D8BC3C1263D91BC00428FF7 /* PBXTargetDependency */,
			);
			name = MemoryGameUITests;
			productName = MemoryGameUITests;
			productReference = 3D8BC3BF263D91BC00428FF7 /* MemoryGameUITests.xctest */;
			productType = "com.apple.product-type.bundle.ui-testing";
		};
/* End PBXNativeTarget section */

/* Begin PBXProject section */
		3D8BC396263D91BC00428FF7 /* Project object */ = {
			isa = PBXProject;
			attributes = {
				LastSwiftUpdateCheck = 1240;
				LastUpgradeCheck = 1240;
				TargetAttributes = {
					3D8BC39D263D91BC00428FF7 = {
						CreatedOnToolsVersion = 12.4;
					};
					3D8BC3B3263D91BC00428FF7 = {
						CreatedOnToolsVersion = 12.4;
						TestTargetID = 3D8BC39D263D91BC00428FF7;
					};
					3D8BC3BE263D91BC00428FF7 = {
						CreatedOnToolsVersion = 12.4;
						TestTargetID = 3D8BC39D263D91BC00428FF7;
					};
				};
			};
			buildConfigurationList = 3D8BC399263D91BC00428FF7 /* Build configuration list for PBXProject "MemoryGame" */;
			compatibilityVersion = "Xcode 9.3";
			developmentRegion = en;
			hasScannedForEncodings = 0;
			knownRegions = (
				en,
				Base,
			);
			mainGroup = 3D8BC395263D91BC00428FF7;
			productRefGroup = 3D8BC39F263D91BC00428FF7 /* Products */;
			projectDirPath = "";
			projectRoot = "";
			targets = (
				3D8BC39D263D91BC00428FF7 /* MemoryGame */,
				3D8BC3B3263D91BC00428FF7 /* MemoryGameTests */,
				3D8BC3BE263D91BC00428FF7 /* MemoryGameUITests */,
			);
		};
/* End PBXProject section */

/* Begin PBXResourcesBuildPhase section */
		3D8BC39C263D91BC00428FF7 /* Resources */ = {
			isa = PBXResourcesBuildPhase;
			buildActionMask = 2147483647;
			files = (
				3D8BC3AE263D91BC00428FF7 /* LaunchScreen.storyboard in Resources */,
				3D8BC3AB263D91BC00428FF7 /* Assets.xcassets in Resources */,
				3D8BC3A9263D91BC00428FF7 /* Main.storyboard in Resources */,
			);
			runOnlyForDeploymentPostprocessing = 0;
		};
		3D8BC3B2263D91BC00428FF7 /* Resources */ = {
			isa = PBXResourcesBuildPhase;
			buildActionMask = 2147483647;
			files = (
			);
			runOnlyForDeploymentPostprocessing = 0;
		};
		3D8BC3BD263D91BC00428FF7 /* Resources */ = {
			isa = PBXResourcesBuildPhase;
			buildActionMask = 2147483647;
			files = (
			);
			runOnlyForDeploymentPostprocessing = 0;
		};
/* End PBXResourcesBuildPhase section */

/* Begin PBXSourcesBuildPhase section */
		3D8BC39A263D91BC00428FF7 /* Sources */ = {
			isa = PBXSourcesBuildPhase;
			buildActionMask = 2147483647;
			files = (
				3D8BC3A6263D91BC00428FF7 /* ViewController.swift in Sources */,
				3D8BC3A2263D91BC00428FF7 /* AppDelegate.swift in Sources */,
				3D8BC3A4263D91BC00428FF7 /* SceneDelegate.swift in Sources */,
			);
			runOnlyForDeploymentPostprocessing = 0;
		};
		3D8BC3B0263D91BC00428FF7 /* Sources */ = {
			isa = PBXSourcesBuildPhase;
			buildActionMask = 2147483647;
			files = (
				3D8BC3B9263D91BC00428FF7 /* MemoryGameTests.swift in Sources */,
			);
			runOnlyForDeploymentPostprocessing = 0;
		};
		3D8BC3BB263D91BC00428FF7 /* Sources */ = {
			isa = PBXSourcesBuildPhase;
			buildActionMask = 2147483647;
			files = (
				3D8BC3C4263D91BC00428FF7 /* MemoryGameUITests.swift in Sources */,
			);
			runOnlyForDeploymentPostprocessing = 0;
		};
/* End PBXSourcesBuildPhase section */

/* Begin PBXTargetDependency section */
		3D8BC3B6263D91BC00428FF7 /* PBXTargetDependency */ = {
			isa = PBXTargetDependency;
			target = 3D8BC39D263D91BC00428FF7 /* MemoryGame */;
			targetProxy = 3D8BC3B5263D91BC00428FF7 /* PBXContainerItemProxy */;
		};
		3D8BC3C1263D91BC00428FF7 /* PBXTargetDependency */ = {
			isa = PBXTargetDependency;
			target = 3D8BC39D263D91BC00428FF7 /* MemoryGame */;
			targetProxy = 3D8BC3C0263D91BC00428FF7 /* PBXContainerItemProxy */;
		};
/* End PBXTargetDependency section */

/* Begin PBXVariantGroup section */
		3D8BC3A7263D91BC00428FF7 /* Main.storyboard */ = {
			isa = PBXVariantGroup;
			children = (
				3D8BC3A8263D91BC00428FF7 /* Base */,
			);
			name = Main.storyboard;
			sourceTree = "<group>";
		};
		3D8BC3AC263D91BC00428FF7 /* LaunchScreen.storyboard */ = {
			isa = PBXVariantGroup;
			children = (
				3D8BC3AD263D91BC00428FF7 /* Base */,
			);
			name = LaunchScreen.storyboard;
			sourceTree = "<group>";
		};
/* End PBXVariantGroup section */

/* Begin XCBuildConfiguration section */
		3D8BC3C6263D91BC00428FF7 /* Debug */ = {
			isa = XCBuildConfiguration;
			buildSettings = {
				ALWAYS_SEARCH_USER_PATHS = NO;
				CLANG_ANALYZER_NONNULL = YES;
				CLANG_ANALYZER_NUMBER_OBJECT_CONVERSION = YES_AGGRESSIVE;
				CLANG_CXX_LANGUAGE_STANDARD = "gnu++14";
				CLANG_CXX_LIBRARY = "libc++";
				CLANG_ENABLE_MODULES = YES;
				CLANG_ENABLE_OBJC_ARC = YES;
				CLANG_ENABLE_OBJC_WEAK = YES;
				CLANG_WARN_BLOCK_CAPTURE_AUTORELEASING = YES;
				CLANG_WARN_BOOL_CONVERSION = YES;
				CLANG_WARN_COMMA = YES;
				CLANG_WARN_CONSTANT_CONVERSION = YES;
				CLANG_WARN_DEPRECATED_OBJC_IMPLEMENTATIONS = YES;
				CLANG_WARN_DIRECT_OBJC_ISA_USAGE = YES_ERROR;
				CLANG_WARN_DOCUMENTATION_COMMENTS = YES;
				CLANG_WARN_EMPTY_BODY = YES;
				CLANG_WARN_ENUM_CONVERSION = YES;
				CLANG_WARN_INFINITE_RECURSION = YES;
				CLANG_WARN_INT_CONVERSION = YES;
				CLANG_WARN_NON_LITERAL_NULL_CONVERSION = YES;
				CLANG_WARN_OBJC_IMPLICIT_RETAIN_SELF = YES;
				CLANG_WARN_OBJC_LITERAL_CONVERSION = YES;
				CLANG_WARN_OBJC_ROOT_CLASS = YES_ERROR;
				CLANG_WARN_QUOTED_INCLUDE_IN_FRAMEWORK_HEADER = YES;
				CLANG_WARN_RANGE_LOOP_ANALYSIS = YES;
				CLANG_WARN_STRICT_PROTOTYPES = YES;
				CLANG_WARN_SUSPICIOUS_MOVE = YES;
				CLANG_WARN_UNGUARDED_AVAILABILITY = YES_AGGRESSIVE;
				CLANG_WARN_UNREACHABLE_CODE = YES;
				CLANG_WARN__DUPLICATE_METHOD_MATCH = YES;
				COPY_PHASE_STRIP = NO;
				DEBUG_INFORMATION_FORMAT = dwarf;
				ENABLE_STRICT_OBJC_MSGSEND = YES;
				ENABLE_TESTABILITY = YES;
				GCC_C_LANGUAGE_STANDARD = gnu11;
				GCC_DYNAMIC_NO_PIC = NO;
				GCC_NO_COMMON_BLOCKS = YES;
				GCC_OPTIMIZATION_LEVEL = 0;
				GCC_PREPROCESSOR_DEFINITIONS = (
					"DEBUG=1",
					"$(inherited)",
				);
				GCC_WARN_64_TO_32_BIT_CONVERSION = YES;
				GCC_WARN_ABOUT_RETURN_TYPE = YES_ERROR;
				GCC_WARN_UNDECLARED_SELECTOR = YES;
				GCC_WARN_UNINITIALIZED_AUTOS = YES_AGGRESSIVE;
				GCC_WARN_UNUSED_FUNCTION = YES;
				GCC_WARN_UNUSED_VARIABLE = YES;
				IPHONEOS_DEPLOYMENT_TARGET = 14.4;
				MTL_ENABLE_DEBUG_INFO = INCLUDE_SOURCE;
				MTL_FAST_MATH = YES;
				ONLY_ACTIVE_ARCH = YES;
				SDKROOT = iphoneos;
				SWIFT_ACTIVE_COMPILATION_CONDITIONS = DEBUG;
				SWIFT_OPTIMIZATION_LEVEL = "-Onone";
			};
			name = Debug;
		};
		3D8BC3C7263D91BC00428FF7 /* Release */ = {
			isa = XCBuildConfiguration;
			buildSettings = {
				ALWAYS_SEARCH_USER_PATHS = NO;
				CLANG_ANALYZER_NONNULL = YES;
				CLANG_ANALYZER_NUMBER_OBJECT_CONVERSION = YES_AGGRESSIVE;
				CLANG_CXX_LANGUAGE_STANDARD = "gnu++14";
				CLANG_CXX_LIBRARY = "libc++";
				CLANG_ENABLE_MODULES = YES;
				CLANG_ENABLE_OBJC_ARC = YES;
				CLANG_ENABLE_OBJC_WEAK = YES;
				CLANG_WARN_BLOCK_CAPTURE_AUTORELEASING = YES;
				CLANG_WARN_BOOL_CONVERSION = YES;
				CLANG_WARN_COMMA = YES;
				CLANG_WARN_CONSTANT_CONVERSION = YES;
				CLANG_WARN_DEPRECATED_OBJC_IMPLEMENTATIONS = YES;
				CLANG_WARN_DIRECT_OBJC_ISA_USAGE = YES_ERROR;
				CLANG_WARN_DOCUMENTATION_COMMENTS = YES;
				CLANG_WARN_EMPTY_BODY = YES;
				CLANG_WARN_ENUM_CONVERSION = YES;
				CLANG_WARN_INFINITE_RECURSION = YES;
				CLANG_WARN_INT_CONVERSION = YES;
				CLANG_WARN_NON_LITERAL_NULL_CONVERSION = YES;
				CLANG_WARN_OBJC_IMPLICIT_RETAIN_SELF = YES;
				CLANG_WARN_OBJC_LITERAL_CONVERSION = YES;
				CLANG_WARN_OBJC_ROOT_CLASS = YES_ERROR;
				CLANG_WARN_QUOTED_INCLUDE_IN_FRAMEWORK_HEADER = YES;
				CLANG_WARN_RANGE_LOOP_ANALYSIS = YES;
				CLANG_WARN_STRICT_PROTOTYPES = YES;
				CLANG_WARN_SUSPICIOUS_MOVE = YES;
				CLANG_WARN_UNGUARDED_AVAILABILITY = YES_AGGRESSIVE;
				CLANG_WARN_UNREACHABLE_CODE = YES;
				CLANG_WARN__DUPLICATE_METHOD_MATCH = YES;
				COPY_PHASE_STRIP = NO;
				DEBUG_INFORMATION_FORMAT = "dwarf-with-dsym";
				ENABLE_NS_ASSERTIONS = NO;
				ENABLE_STRICT_OBJC_MSGSEND = YES;
				GCC_C_LANGUAGE_STANDARD = gnu11;
				GCC_NO_COMMON_BLOCKS = YES;
				GCC_WARN_64_TO_32_BIT_CONVERSION = YES;
				GCC_WARN_ABOUT_RETURN_TYPE = YES_ERROR;
				GCC_WARN_UNDECLARED_SELECTOR = YES;
				GCC_WARN_UNINITIALIZED_AUTOS = YES_AGGRESSIVE;
				GCC_WARN_UNUSED_FUNCTION = YES;
				GCC_WARN_UNUSED_VARIABLE = YES;
				IPHONEOS_DEPLOYMENT_TARGET = 14.4;
				MTL_ENABLE_DEBUG_INFO = NO;
				MTL_FAST_MATH = YES;
				SDKROOT = iphoneos;
				SWIFT_COMPILATION_MODE = wholemodule;
				SWIFT_OPTIMIZATION_LEVEL = "-O";
				VALIDATE_PRODUCT = YES;
			};
			name = Release;
		};
		3D8BC3C9263D91BC00428FF7 /* Debug */ = {
			isa = XCBuildConfiguration;
			buildSettings = {
				ASSETCATALOG_COMPILER_APPICON_NAME = AppIcon;
				ASSETCATALOG_COMPILER_GLOBAL_ACCENT_COLOR_NAME = AccentColor;
				CODE_SIGN_STYLE = Automatic;
				DEVELOPMENT_TEAM = 9PQU4Y2GU7;
				INFOPLIST_FILE = MemoryGame/Info.plist;
				LD_RUNPATH_SEARCH_PATHS = (
					"$(inherited)",
					"@executable_path/Frameworks",
				);
				PRODUCT_BUNDLE_IDENTIFIER = Danielhay.MemoryGame;
				PRODUCT_NAME = "$(TARGET_NAME)";
				SWIFT_VERSION = 5.0;
				TARGETED_DEVICE_FAMILY = "1,2";
			};
			name = Debug;
		};
		3D8BC3CA263D91BC00428FF7 /* Release */ = {
			isa = XCBuildConfiguration;
			buildSettings = {
				ASSETCATALOG_COMPILER_APPICON_NAME = AppIcon;
				ASSETCATALOG_COMPILER_GLOBAL_ACCENT_COLOR_NAME = AccentColor;
				CODE_SIGN_STYLE = Automatic;
				DEVELOPMENT_TEAM = 9PQU4Y2GU7;
				INFOPLIST_FILE = MemoryGame/Info.plist;
				LD_RUNPATH_SEARCH_PATHS = (
					"$(inherited)",
					"@executable_path/Frameworks",
				);
				PRODUCT_BUNDLE_IDENTIFIER = Danielhay.MemoryGame;
				PRODUCT_NAME = "$(TARGET_NAME)";
				SWIFT_VERSION = 5.0;
				TARGETED_DEVICE_FAMILY = "1,2";
			};
			name = Release;
		};
		3D8BC3CC263D91BC00428FF7 /* Debug */ = {
			isa = XCBuildConfiguration;
			buildSettings = {
				ALWAYS_EMBED_SWIFT_STANDARD_LIBRARIES = YES;
				BUNDLE_LOADER = "$(TEST_HOST)";
				CODE_SIGN_STYLE = Automatic;
				DEVELOPMENT_TEAM = 9PQU4Y2GU7;
				INFOPLIST_FILE = MemoryGameTests/Info.plist;
				IPHONEOS_DEPLOYMENT_TARGET = 14.4;
				LD_RUNPATH_SEARCH_PATHS = (
					"$(inherited)",
					"@executable_path/Frameworks",
					"@loader_path/Frameworks",
				);
				PRODUCT_BUNDLE_IDENTIFIER = Danielhay.MemoryGameTests;
				PRODUCT_NAME = "$(TARGET_NAME)";
				SWIFT_VERSION = 5.0;
				TARGETED_DEVICE_FAMILY = "1,2";
				TEST_HOST = "$(BUILT_PRODUCTS_DIR)/MemoryGame.app/MemoryGame";
			};
			name = Debug;
		};
		3D8BC3CD263D91BC00428FF7 /* Release */ = {
			isa = XCBuildConfiguration;
			buildSettings = {
				ALWAYS_EMBED_SWIFT_STANDARD_LIBRARIES = YES;
				BUNDLE_LOADER = "$(TEST_HOST)";
				CODE_SIGN_STYLE = Automatic;
				DEVELOPMENT_TEAM = 9PQU4Y2GU7;
				INFOPLIST_FILE = MemoryGameTests/Info.plist;
				IPHONEOS_DEPLOYMENT_TARGET = 14.4;
				LD_RUNPATH_SEARCH_PATHS = (
					"$(inherited)",
					"@executable_path/Frameworks",
					"@loader_path/Frameworks",
				);
				PRODUCT_BUNDLE_IDENTIFIER = Danielhay.MemoryGameTests;
				PRODUCT_NAME = "$(TARGET_NAME)";
				SWIFT_VERSION = 5.0;
				TARGETED_DEVICE_FAMILY = "1,2";
				TEST_HOST = "$(BUILT_PRODUCTS_DIR)/MemoryGame.app/MemoryGame";
			};
			name = Release;
		};
		3D8BC3CF263D91BC00428FF7 /* Debug */ = {
			isa = XCBuildConfiguration;
			buildSettings = {
				ALWAYS_EMBED_SWIFT_STANDARD_LIBRARIES = YES;
				CODE_SIGN_STYLE = Automatic;
				DEVELOPMENT_TEAM = 9PQU4Y2GU7;
				INFOPLIST_FILE = MemoryGameUITests/Info.plist;
				LD_RUNPATH_SEARCH_PATHS = (
					"$(inherited)",
					"@executable_path/Frameworks",
					"@loader_path/Frameworks",
				);
				PRODUCT_BUNDLE_IDENTIFIER = Danielhay.MemoryGameUITests;
				PRODUCT_NAME = "$(TARGET_NAME)";
				SWIFT_VERSION = 5.0;
				TARGETED_DEVICE_FAMILY = "1,2";
				TEST_TARGET_NAME = MemoryGame;
			};
			name = Debug;
		};
		3D8BC3D0263D91BC00428FF7 /* Release */ = {
			isa = XCBuildConfiguration;
			buildSettings = {
				ALWAYS_EMBED_SWIFT_STANDARD_LIBRARIES = YES;
				CODE_SIGN_STYLE = Automatic;
				DEVELOPMENT_TEAM = 9PQU4Y2GU7;
				INFOPLIST_FILE = MemoryGameUITests/Info.plist;
				LD_RUNPATH_SEARCH_PATHS = (
					"$(inherited)",
					"@executable_path/Frameworks",
					"@loader_path/Frameworks",
				);
				PRODUCT_BUNDLE_IDENTIFIER = Danielhay.MemoryGameUITests;
				PRODUCT_NAME = "$(TARGET_NAME)";
				SWIFT_VERSION = 5.0;
				TARGETED_DEVICE_FAMILY = "1,2";
				TEST_TARGET_NAME = MemoryGame;
			};
			name = Release;
		};
/* End XCBuildConfiguration section */

/* Begin XCConfigurationList section */
		3D8BC399263D91BC00428FF7 /* Build configuration list for PBXProject "MemoryGame" */ = {
			isa = XCConfigurationList;
			buildConfigurations = (
				3D8BC3C6263D91BC00428FF7 /* Debug */,
				3D8BC3C7263D91BC00428FF7 /* Release */,
			);
			defaultConfigurationIsVisible = 0;
			defaultConfigurationName = Release;
		};
		3D8BC3C8263D91BC00428FF7 /* Build configuration list for PBXNativeTarget "MemoryGame" */ = {
			isa = XCConfigurationList;
			buildConfigurations = (
				3D8BC3C9263D91BC00428FF7 /* Debug */,
				3D8BC3CA263D91BC00428FF7 /* Release */,
			);
			defaultConfigurationIsVisible = 0;
			defaultConfigurationName = Release;
		};
		3D8BC3CB263D91BC00428FF7 /* Build configuration list for PBXNativeTarget "MemoryGameTests" */ = {
			isa = XCConfigurationList;
			buildConfigurations = (
				3D8BC3CC263D91BC00428FF7 /* Debug */,
				3D8BC3CD263D91BC00428FF7 /* Release */,
			);
			defaultConfigurationIsVisible = 0;
			defaultConfigurationName = Release;
		};
		3D8BC3CE263D91BC00428FF7 /* Build configuration list for PBXNativeTarget "MemoryGameUITests" */ = {
			isa = XCConfigurationList;
			buildConfigurations = (
				3D8BC3CF263D91BC00428FF7 /* Debug */,
				3D8BC3D0263D91BC00428FF7 /* Release */,
			);
			defaultConfigurationIsVisible = 0;
			defaultConfigurationName = Release;
		};
/* End XCConfigurationList section */
	};
	rootObject = 3D8BC396263D91BC00428FF7 /* Project object */;
}
